
Microsoft Visual Studio Solution File, Format Version 12.00
# Visual Studio Version 17
VisualStudioVersion = 17.9.34728.123
MinimumVisualStudioVersion = 10.0.40219.1
Project("{FAE04EC0-301F-11D3-BF4B-00C04F79EFBC}") = "ProyectoManager", "ProyectoManager\ProyectoManager.csproj", "{C0816D24-BB9A-4E18-AB29-5FEFA2C29A86}"
EndProject
Global
	GlobalSection(SolutionConfigurationPlatforms) = preSolution
		Debug|Any CPU = Debug|Any CPU
		Release|Any CPU = Release|Any CPU
	EndGlobalSection
	GlobalSection(ProjectConfigurationPlatforms) = postSolution
		{C0816D24-BB9A-4E18-AB29-5FEFA2C29A86}.Debug|Any CPU.ActiveCfg = Debug|Any CPU
		{C0816D24-BB9A-4E18-AB29-5FEFA2C29A86}.Debug|Any CPU.Build.0 = Debug|Any CPU
		{C0816D24-BB9A-4E18-AB29-5FEFA2C29A86}.Release|Any CPU.ActiveCfg = Release|Any CPU
		{C0816D24-BB9A-4E18-AB29-5FEFA2C29A86}.Release|Any CPU.Build.0 = Release|Any CPU
	EndGlobalSection
	GlobalSection(SolutionProperties) = preSolution
		HideSolutionNode = FALSE
	EndGlobalSection
	GlobalSection(ExtensibilityGlobals) = postSolution
		SolutionGuid = {1F46CBAB-DC7D-4BCE-948F-C967891AAF33}
	EndGlobalSection
EndGlobal
